
Microsoft Visual Studio Solution File, Format Version 12.00
# Visual Studio Version 17
VisualStudioVersion = 17.3.32825.248
MinimumVisualStudioVersion = 10.0.40219.1
Project("{FAE04EC0-301F-11D3-BF4B-00C04F79EFBC}") = "DeanOfficeWebApi", "DeanOfficeWebApi\DeanOfficeWebApi.csproj", "{403D3B41-5887-4D31-8AEC-E9EF93C9025B}"
EndProject
Global
	GlobalSection(SolutionConfigurationPlatforms) = preSolution
		Debug|Any CPU = Debug|Any CPU
		Release|Any CPU = Release|Any CPU
	EndGlobalSection
	GlobalSection(ProjectConfigurationPlatforms) = postSolution
		{403D3B41-5887-4D31-8AEC-E9EF93C9025B}.Debug|Any CPU.ActiveCfg = Debug|Any CPU
		{403D3B41-5887-4D31-8AEC-E9EF93C9025B}.Debug|Any CPU.Build.0 = Debug|Any CPU
		{403D3B41-5887-4D31-8AEC-E9EF93C9025B}.Release|Any CPU.ActiveCfg = Release|Any CPU
		{403D3B41-5887-4D31-8AEC-E9EF93C9025B}.Release|Any CPU.Build.0 = Release|Any CPU
	EndGlobalSection
	GlobalSection(SolutionProperties) = preSolution
		HideSolutionNode = FALSE
	EndGlobalSection
	GlobalSection(ExtensibilityGlobals) = postSolution
		SolutionGuid = {6DF57C8E-660C-447D-A951-4524D076385E}
	EndGlobalSection
EndGlobal
